
Microsoft Visual Studio Solution File, Format Version 12.00
# Visual Studio 15
VisualStudioVersion = 15.0.28307.1062
MinimumVisualStudioVersion = 10.0.40219.1
Project("{FAE04EC0-301F-11D3-BF4B-00C04F79EFBC}") = "Enginer", "Enginer\Enginer.csproj", "{438306D8-2E23-471E-8486-ACA5028E2419}"
EndProject
Project("{FAE04EC0-301F-11D3-BF4B-00C04F79EFBC}") = "Business", "Business\Business.csproj", "{288F2FFB-6FCA-4B9A-846A-3F4E71BFABB4}"
EndProject
Global
	GlobalSection(SolutionConfigurationPlatforms) = preSolution
		Debug|Any CPU = Debug|Any CPU
		Release|Any CPU = Release|Any CPU
	EndGlobalSection
	GlobalSection(ProjectConfigurationPlatforms) = postSolution
		{438306D8-2E23-471E-8486-ACA5028E2419}.Debug|Any CPU.ActiveCfg = Debug|Any CPU
		{438306D8-2E23-471E-8486-ACA5028E2419}.Debug|Any CPU.Build.0 = Debug|Any CPU
		{438306D8-2E23-471E-8486-ACA5028E2419}.Release|Any CPU.ActiveCfg = Release|Any CPU
		{438306D8-2E23-471E-8486-ACA5028E2419}.Release|Any CPU.Build.0 = Release|Any CPU
		{288F2FFB-6FCA-4B9A-846A-3F4E71BFABB4}.Debug|Any CPU.ActiveCfg = Debug|Any CPU
		{288F2FFB-6FCA-4B9A-846A-3F4E71BFABB4}.Debug|Any CPU.Build.0 = Debug|Any CPU
		{288F2FFB-6FCA-4B9A-846A-3F4E71BFABB4}.Release|Any CPU.ActiveCfg = Release|Any CPU
		{288F2FFB-6FCA-4B9A-846A-3F4E71BFABB4}.Release|Any CPU.Build.0 = Release|Any CPU
	EndGlobalSection
	GlobalSection(SolutionProperties) = preSolution
		HideSolutionNode = FALSE
	EndGlobalSection
	GlobalSection(ExtensibilityGlobals) = postSolution
		SolutionGuid = {0B1EAD2A-2FC8-4FEE-AD02-12D544D5C0F0}
	EndGlobalSection
EndGlobal
